PODS:
  - AFNetworking (3.0.4):
    - AFNetworking/NSURLSession (= 3.0.4)
    - AFNetworking/Reachability (= 3.0.4)
    - AFNetworking/Security (= 3.0.4)
    - AFNetworking/Serialization (= 3.0.4)
    - AFNetworking/UIKit (= 3.0.4)
  - AFNetworking/NSURLSession (3.0.4):
    - AFNetworking/Reachability
    - AFNetworking/Security
    - AFNetworking/Serialization
  - AFNetworking/Reachability (3.0.4)
  - AFNetworking/Security (3.0.4)
  - AFNetworking/Serialization (3.0.4)
  - AFNetworking/UIKit (3.0.4):
    - AFNetworking/NSURLSession
  - FastEasyMapping (0.5.1)
  - GoogleMaps (1.11.1)
  - MagicalRecord (2.3.2):
    - MagicalRecord/Core (= 2.3.2)
  - MagicalRecord/Core (2.3.2)
  - SDWebImage (3.7.5):
    - SDWebImage/Core (= 3.7.5)
  - SDWebImage/Core (3.7.5)
  - SVProgressHUD (1.1.3)
  - UITableView+FDTemplateLayoutCell (1.4)

DEPENDENCIES:
  - AFNetworking
  - FastEasyMapping (from `https://github.com/k06a/FastEasyMapping/`)
  - GoogleMaps (= 1.11.1)
  - MagicalRecord
  - SDWebImage
  - SVProgressHUD
  - UITableView+FDTemplateLayoutCell

EXTERNAL SOURCES:
  FastEasyMapping:
    :git: https://github.com/k06a/FastEasyMapping/

CHECKOUT OPTIONS:
  FastEasyMapping:
    :commit: 4ab3ca1fb2a832d357c92729849cbad773ce5f8b
    :git: https://github.com/k06a/FastEasyMapping/

SPEC CHECKSUMS:
  AFNetworking: a0075feb321559dc78d9d85b55d11caa19eabb93
  FastEasyMapping: 03a3fbe3af1005e67974358a4ec2b4764f8aa3b4
  GoogleMaps: c947160008f414c66707a5ea60f35e92055c7670
  MagicalRecord: 53bed74b4323b930992a725be713e53b37d19755
  SDWebImage: 69c6303e3348fba97e03f65d65d4fbc26740f461
  SVProgressHUD: 748080e4f36e603f6c02aec292664239df5279c1
  UITableView+FDTemplateLayoutCell: 234e1582bcc4e18461af91155123bb96538ed030

COCOAPODS: 0.39.0
